{
  "name": "Buzz627.github.io",
  "version": "1.0.0",
  "lockfileVersion": 1,
  "requires": true,
  "dependencies": {
    "amdefine": {
      "version": "1.0.1",
      "resolved": "https://registry.npmjs.org/amdefine/-/amdefine-1.0.1.tgz",
      "integrity": "sha1-SlKCrBZHKek2Gbz9OtFR+BfOkfU="
    },
    "async": {
      "version": "0.2.10",
      "resolved": "https://registry.npmjs.org/async/-/async-0.2.10.tgz",
      "integrity": "sha1-trvgsGdLnXGXCMo43owjfLUmw9E=",
      "optional": true
    },
    "atob": {
      "version": "2.1.2",
      "resolved": "https://registry.npmjs.org/atob/-/atob-2.1.2.tgz",
      "integrity": "sha512-Wm6ukoaOGJi/73p/cl2GvLjTI5JM1k/O14isD73YML8StrH/7/lRFgmg8nICZgD3bZZvjwCGxtMOD3wWNAu8cg=="
    },
    "commander": {
      "version": "2.20.0",
      "resolved": "https://registry.npmjs.org/commander/-/commander-2.20.0.tgz",
      "integrity": "sha512-7j2y+40w61zy6YC2iRNpUe/NwhNyoXrYpHMrSunaMG64nRnaf96zO/KMQR4OyN/UnE5KLyEBnKHd4aG3rskjpQ==",
      "optional": true
    },
    "css": {
      "version": "2.2.4",
      "resolved": "https://registry.npmjs.org/css/-/css-2.2.4.tgz",
      "integrity": "sha512-oUnjmWpy0niI3x/mPL8dVEI1l7MnG3+HHyRPHf+YFSbK+svOhXpmSOcDURUh2aOCgl2grzrOPt1nHLuCVFULLw==",
      "requires": {
        "inherits": "^2.0.3",
        "source-map": "^0.6.1",
        "source-map-resolve": "^0.5.2",
        "urix": "^0.1.0"
      }
    },
    "decode-uri-component": {
      "version": "0.2.0",
      "resolved": "https://registry.npmjs.org/decode-uri-component/-/decode-uri-component-0.2.0.tgz",
      "integrity": "sha1-6zkTMzRYd1y4TNGh+uBiEGu4dUU="
    },
    "email-scramble": {
      "version": "2.0.1",
      "resolved": "https://registry.npmjs.org/email-scramble/-/email-scramble-2.0.1.tgz",
      "integrity": "sha1-yQxQOLpQ3Ul7XjElPjAOoCR7b98="
    },
    "handlebars": {
      "version": "2.0.0",
      "resolved": "https://registry.npmjs.org/handlebars/-/handlebars-2.0.0.tgz",
      "integrity": "sha1-bp1/hRSjRn+l6fgswVjs/B1ax28=",
      "requires": {
        "optimist": "~0.3",
        "uglify-js": "~2.3"
      }
    },
    "inherits": {
      "version": "2.0.3",
      "resolved": "https://registry.npmjs.org/inherits/-/inherits-2.0.3.tgz",
      "integrity": "sha1-Yzwsg+PaQqUC9SRmAiSA9CCCYd4="
    },
    "jsonresume-theme-eloquent": {
      "version": "4.1.0",
      "resolved": "https://registry.npmjs.org/jsonresume-theme-eloquent/-/jsonresume-theme-eloquent-4.1.0.tgz",
      "integrity": "sha512-W05n2hUcBTx8HMATPKDoAkJR/KApg1eZUmA18Oz3PNCJR298/DlfqOKQAXFRi4FVuAG0/WqCggT19Ap2+Z0dkQ==",
      "requires": {
        "email-scramble": "^2.0.1",
        "handlebars": "^4.0.12",
        "moment": "^2.22.2"
      },
      "dependencies": {
        "handlebars": {
          "version": "4.1.2",
          "resolved": "https://registry.npmjs.org/handlebars/-/handlebars-4.1.2.tgz",
          "integrity": "sha512-nvfrjqvt9xQ8Z/w0ijewdD/vvWDTOweBUm96NTr66Wfvo1mJenBLwcYmPs3TIBP5ruzYGD7Hx/DaM9RmhroGPw==",
          "requires": {
            "neo-async": "^2.6.0",
            "optimist": "^0.6.1",
            "source-map": "^0.6.1",
            "uglify-js": "^3.1.4"
          }
        },
        "optimist": {
          "version": "0.6.1",
          "resolved": "https://registry.npmjs.org/optimist/-/optimist-0.6.1.tgz",
          "integrity": "sha1-2j6nRob6IaGaERwybpDrFaAZZoY=",
          "requires": {
            "minimist": "~0.0.1",
            "wordwrap": "~0.0.2"
          }
        },
        "uglify-js": {
          "version": "3.5.9",
          "resolved": "https://registry.npmjs.org/uglify-js/-/uglify-js-3.5.9.tgz",
          "integrity": "sha512-WpT0RqsDtAWPNJK955DEnb6xjymR8Fn0OlK4TT4pS0ASYsVPqr5ELhgwOwLCP5J5vHeJ4xmMmz3DEgdqC10JeQ==",
          "optional": true,
          "requires": {
            "commander": "~2.20.0",
            "source-map": "~0.6.1"
          }
        }
      }
    },
    "jsonresume-theme-onepage": {
      "version": "0.0.3",
      "resolved": "https://registry.npmjs.org/jsonresume-theme-onepage/-/jsonresume-theme-onepage-0.0.3.tgz",
      "integrity": "sha1-5gAqPInbXzk8+bCycMAeJcW6QR0=",
      "requires": {
        "css": "2.2.x",
        "handlebars": "^2.0.0-alpha.4"
      }
    },
    "jsonresume-theme-onepage-mrseanryan": {
      "version": "0.0.19",
      "resolved": "https://registry.npmjs.org/jsonresume-theme-onepage-mrseanryan/-/jsonresume-theme-onepage-mrseanryan-0.0.19.tgz",
      "integrity": "sha512-o64xRXhjQu0nZ834woHs7Hq+SSauUTW6zzjDJe59mL+p9d2W7u6bObpLAJvCUfYbVIBt6m5KBmNQDsKR9nhF6g==",
      "requires": {
        "css": "2.2.x",
        "handlebars": "^2.0.0-alpha.4",
        "moment": "^2.22.2"
      }
    },
    "jsonresume-theme-onepage-nderkach": {
      "version": "0.0.8",
      "resolved": "https://registry.npmjs.org/jsonresume-theme-onepage-nderkach/-/jsonresume-theme-onepage-nderkach-0.0.8.tgz",
      "integrity": "sha512-drqjCu/EduENDBe0gVGaQ7RO6naIP8YNgzTA31hJWFNwzsZhvDkdKaKaynQVl5+b3jEcazLrln5dxNY5tyoBnQ==",
      "requires": {
        "amdefine": "^1.0.1",
        "css": "^2.2.4",
        "handlebars": "^4.0.12",
        "moment": "^2.22.2"
      },
      "dependencies": {
        "handlebars": {
          "version": "4.1.2",
          "resolved": "https://registry.npmjs.org/handlebars/-/handlebars-4.1.2.tgz",
          "integrity": "sha512-nvfrjqvt9xQ8Z/w0ijewdD/vvWDTOweBUm96NTr66Wfvo1mJenBLwcYmPs3TIBP5ruzYGD7Hx/DaM9RmhroGPw==",
          "requires": {
            "neo-async": "^2.6.0",
            "optimist": "^0.6.1",
            "source-map": "^0.6.1",
            "uglify-js": "^3.1.4"
          }
        },
        "optimist": {
          "version": "0.6.1",
          "resolved": "https://registry.npmjs.org/optimist/-/optimist-0.6.1.tgz",
          "integrity": "sha1-2j6nRob6IaGaERwybpDrFaAZZoY=",
          "requires": {
            "minimist": "~0.0.1",
            "wordwrap": "~0.0.2"
          }
        },
        "uglify-js": {
          "version": "3.5.9",
          "resolved": "https://registry.npmjs.org/uglify-js/-/uglify-js-3.5.9.tgz",
          "integrity": "sha512-WpT0RqsDtAWPNJK955DEnb6xjymR8Fn0OlK4TT4pS0ASYsVPqr5ELhgwOwLCP5J5vHeJ4xmMmz3DEgdqC10JeQ==",
          "optional": true,
          "requires": {
            "commander": "~2.20.0",
            "source-map": "~0.6.1"
          }
        }
      }
    },
    "jsonresume-theme-onepage-wide": {
      "version": "0.0.1",
      "resolved": "https://registry.npmjs.org/jsonresume-theme-onepage-wide/-/jsonresume-theme-onepage-wide-0.0.1.tgz",
      "integrity": "sha512-Es4WCeeIM8CLb9uNXFc4lJeYOEs8Y5Dv34s2bdZLrHdcUdxB8AK1yJHuP3kRCkHf+PU5ix2eVTsZ6B8e/HnC9A==",
      "requires": {
        "css": "2.2.x",
        "handlebars": "^2.0.0-alpha.4",
        "moment": "^2.24.0"
      }
    },
    "jsonresume-theme-spartan": {
      "version": "0.2.1",
      "resolved": "https://registry.npmjs.org/jsonresume-theme-spartan/-/jsonresume-theme-spartan-0.2.1.tgz",
      "integrity": "sha1-B56gF1i+brV/818G4fNDt8VfIHc=",
      "requires": {
        "handlebars": "^2.0.0-alpha.4",
        "moment": "^2.10.6"
      }
    },
    "jsonresume-theme-stackoverflow2": {
      "version": "1.0.6",
      "resolved": "https://registry.npmjs.org/jsonresume-theme-stackoverflow2/-/jsonresume-theme-stackoverflow2-1.0.6.tgz",
      "integrity": "sha1-+rYX9HaKFHVGKz9usvBXEZrBxYU=",
      "requires": {
        "handlebars": "^4.1.2",
        "moment": "^2.24.0"
      },
      "dependencies": {
        "handlebars": {
          "version": "4.1.2",
          "resolved": "https://registry.npmjs.org/handlebars/-/handlebars-4.1.2.tgz",
          "integrity": "sha512-nvfrjqvt9xQ8Z/w0ijewdD/vvWDTOweBUm96NTr66Wfvo1mJenBLwcYmPs3TIBP5ruzYGD7Hx/DaM9RmhroGPw==",
          "requires": {
            "neo-async": "^2.6.0",
            "optimist": "^0.6.1",
            "source-map": "^0.6.1",
            "uglify-js": "^3.1.4"
          }
        },
        "moment": {
          "version": "2.24.0",
          "resolved": "https://registry.npmjs.org/moment/-/moment-2.24.0.tgz",
          "integrity": "sha512-bV7f+6l2QigeBBZSM/6yTNq4P2fNpSWj/0e7jQcy87A8e7o2nAfP/34/2ky5Vw4B9S446EtIhodAzkFCcR4dQg=="
        },
        "optimist": {
          "version": "0.6.1",
          "resolved": "https://registry.npmjs.org/optimist/-/optimist-0.6.1.tgz",
          "integrity": "sha1-2j6nRob6IaGaERwybpDrFaAZZoY=",
          "requires": {
            "minimist": "~0.0.1",
            "wordwrap": "~0.0.2"
          }
        },
        "uglify-js": {
          "version": "3.5.9",
          "resolved": "https://registry.npmjs.org/uglify-js/-/uglify-js-3.5.9.tgz",
          "integrity": "sha512-WpT0RqsDtAWPNJK955DEnb6xjymR8Fn0OlK4TT4pS0ASYsVPqr5ELhgwOwLCP5J5vHeJ4xmMmz3DEgdqC10JeQ==",
          "optional": true,
          "requires": {
            "commander": "~2.20.0",
            "source-map": "~0.6.1"
          }
        }
      }
    },
    "minimist": {
      "version": "0.0.10",
      "resolved": "https://registry.npmjs.org/minimist/-/minimist-0.0.10.tgz",
      "integrity": "sha1-3j+YVD2/lggr5IrRoMfNqDYwHc8="
    },
    "moment": {
      "version": "2.24.0",
      "resolved": "https://registry.npmjs.org/moment/-/moment-2.24.0.tgz",
      "integrity": "sha512-bV7f+6l2QigeBBZSM/6yTNq4P2fNpSWj/0e7jQcy87A8e7o2nAfP/34/2ky5Vw4B9S446EtIhodAzkFCcR4dQg=="
    },
    "neo-async": {
      "version": "2.6.0",
      "resolved": "https://registry.npmjs.org/neo-async/-/neo-async-2.6.0.tgz",
      "integrity": "sha512-MFh0d/Wa7vkKO3Y3LlacqAEeHK0mckVqzDieUKTT+KGxi+zIpeVsFxymkIiRpbpDziHc290Xr9A1O4Om7otoRA=="
    },
    "optimist": {
      "version": "0.3.7",
      "resolved": "https://registry.npmjs.org/optimist/-/optimist-0.3.7.tgz",
      "integrity": "sha1-yQlBrVnkJzMokjB00s8ufLxuwNk=",
      "requires": {
        "wordwrap": "~0.0.2"
      }
    },
    "resolve-url": {
      "version": "0.2.1",
      "resolved": "https://registry.npmjs.org/resolve-url/-/resolve-url-0.2.1.tgz",
      "integrity": "sha1-LGN/53yJOv0qZj/iGqkIAGjiBSo="
    },
    "source-map": {
      "version": "0.6.1",
      "resolved": "https://registry.npmjs.org/source-map/-/source-map-0.6.1.tgz",
      "integrity": "sha512-UjgapumWlbMhkBgzT7Ykc5YXUT46F0iKu8SGXq0bcwP5dz/h0Plj6enJqjz1Zbq2l5WaqYnrVbwWOWMyF3F47g=="
    },
    "source-map-resolve": {
      "version": "0.5.2",
      "resolved": "https://registry.npmjs.org/source-map-resolve/-/source-map-resolve-0.5.2.tgz",
      "integrity": "sha512-MjqsvNwyz1s0k81Goz/9vRBe9SZdB09Bdw+/zYyO+3CuPk6fouTaxscHkgtE8jKvf01kVfl8riHzERQ/kefaSA==",
      "requires": {
        "atob": "^2.1.1",
        "decode-uri-component": "^0.2.0",
        "resolve-url": "^0.2.1",
        "source-map-url": "^0.4.0",
        "urix": "^0.1.0"
      }
    },
    "source-map-url": {
      "version": "0.4.0",
      "resolved": "https://registry.npmjs.org/source-map-url/-/source-map-url-0.4.0.tgz",
      "integrity": "sha1-PpNdfd1zYxuXZZlW1VEo6HtQhKM="
    },
    "uglify-js": {
      "version": "2.3.6",
      "resolved": "https://registry.npmjs.org/uglify-js/-/uglify-js-2.3.6.tgz",
      "integrity": "sha1-+gmEdwtCi3qbKoBY9GNV0U/vIRo=",
      "optional": true,
      "requires": {
        "async": "~0.2.6",
        "optimist": "~0.3.5",
        "source-map": "~0.1.7"
      },
      "dependencies": {
        "source-map": {
          "version": "0.1.43",
          "resolved": "https://registry.npmjs.org/source-map/-/source-map-0.1.43.tgz",
          "integrity": "sha1-wkvBRspRfBRx9drL4lcbK3+eM0Y=",
          "optional": true,
          "requires": {
            "amdefine": ">=0.0.4"
          }
        }
      }
    },
    "urix": {
      "version": "0.1.0",
      "resolved": "https://registry.npmjs.org/urix/-/urix-0.1.0.tgz",
      "integrity": "sha1-2pN/emLiH+wf0Y1Js1wpNQZ6bHI="
    },
    "wordwrap": {
      "version": "0.0.3",
      "resolved": "https://registry.npmjs.org/wordwrap/-/wordwrap-0.0.3.tgz",
      "integrity": "sha1-o9XabNXAvAAI03I0u68b7WMFkQc="
    }
  }
}
